// !$*UTF8*$!
{
	archiveVersion = 1;
	classes = {
	};
	objectVersion = 50;
	objects = {

/* Begin PBXBuildFile section */
		893FFE14255B1766009A61ED /* AppDelegate.swift in Sources */ = {isa = PBXBuildFile; fileRef = 893FFE13255B1766009A61ED /* AppDelegate.swift */; };
		893FFE16255B1766009A61ED /* SceneDelegate.swift in Sources */ = {isa = PBXBuildFile; fileRef = 893FFE15255B1766009A61ED /* SceneDelegate.swift */; };
		893FFE1D255B1769009A61ED /* Assets.xcassets in Resources */ = {isa = PBXBuildFile; fileRef = 893FFE1C255B1769009A61ED /* Assets.xcassets */; };
		893FFE20255B1769009A61ED /* LaunchScreen.storyboard in Resources */ = {isa = PBXBuildFile; fileRef = 893FFE1E255B1769009A61ED /* LaunchScreen.storyboard */; };
		893FFE2A255B17C1009A61ED /* TabBarController.swift in Sources */ = {isa = PBXBuildFile; fileRef = 893FFE29255B17C1009A61ED /* TabBarController.swift */; };
		893FFE2D255B17D9009A61ED /* ProfileViewController.swift in Sources */ = {isa = PBXBuildFile; fileRef = 893FFE2C255B17D9009A61ED /* ProfileViewController.swift */; };
		893FFE30255B17ED009A61ED /* RoutesViewController.swift in Sources */ = {isa = PBXBuildFile; fileRef = 893FFE2F255B17ED009A61ED /* RoutesViewController.swift */; };
		894A93BB257BB60900CE893B /* ProfileOptionTableViewCell.swift in Sources */ = {isa = PBXBuildFile; fileRef = 894A93BA257BB60900CE893B /* ProfileOptionTableViewCell.swift */; };
		894A93BE257D12A100CE893B /* RouteTableViewCell.swift in Sources */ = {isa = PBXBuildFile; fileRef = 894A93BD257D12A100CE893B /* RouteTableViewCell.swift */; };
		894A93C1257D1E0F00CE893B /* CurrentDesignatedRouteView.swift in Sources */ = {isa = PBXBuildFile; fileRef = 894A93C0257D1E0F00CE893B /* CurrentDesignatedRouteView.swift */; };
		894A93C4257D369700CE893B /* CurrentRouteViewController.swift in Sources */ = {isa = PBXBuildFile; fileRef = 894A93C3257D369700CE893B /* CurrentRouteViewController.swift */; };
		894A93C8257D398900CE893B /* MapKit.framework in Frameworks */ = {isa = PBXBuildFile; fileRef = 894A93C7257D398900CE893B /* MapKit.framework */; };
		894A93CB257EC01000CE893B /* HealthStateViewController.swift in Sources */ = {isa = PBXBuildFile; fileRef = 894A93CA257EC01000CE893B /* HealthStateViewController.swift */; };
		89536749257AB13B00BF2E2A /* Route.swift in Sources */ = {isa = PBXBuildFile; fileRef = 89536748257AB13B00BF2E2A /* Route.swift */; };
		8953674C257AB32500BF2E2A /* Profile.swift in Sources */ = {isa = PBXBuildFile; fileRef = 8953674B257AB32500BF2E2A /* Profile.swift */; };
		8953674F257AD60100BF2E2A /* APIError.swift in Sources */ = {isa = PBXBuildFile; fileRef = 8953674E257AD60100BF2E2A /* APIError.swift */; };
		89536752257AD8D400BF2E2A /* SignInViewController.swift in Sources */ = {isa = PBXBuildFile; fileRef = 89536751257AD8D400BF2E2A /* SignInViewController.swift */; };
		89536756257AD91600BF2E2A /* Extensions.swift in Sources */ = {isa = PBXBuildFile; fileRef = 89536755257AD91600BF2E2A /* Extensions.swift */; };
		89536759257AD97800BF2E2A /* Constants.swift in Sources */ = {isa = PBXBuildFile; fileRef = 89536758257AD97800BF2E2A /* Constants.swift */; };
		896F58B5257A6B1700785DA8 /* APIManager.swift in Sources */ = {isa = PBXBuildFile; fileRef = 896F58B4257A6B1700785DA8 /* APIManager.swift */; };
/* End PBXBuildFile section */

/* Begin PBXFileReference section */
		893FFE10255B1766009A61ED /* SafeLogistics.app */ = {isa = PBXFileReference; explicitFileType = wrapper.application; includeInIndex = 0; path = SafeLogistics.app; sourceTree = BUILT_PRODUCTS_DIR; };
		893FFE13255B1766009A61ED /* AppDelegate.swift */ = {isa = PBXFileReference; lastKnownFileType = sourcecode.swift; path = AppDelegate.swift; sourceTree = "<group>"; };
		893FFE15255B1766009A61ED /* SceneDelegate.swift */ = {isa = PBXFileReference; lastKnownFileType = sourcecode.swift; path = SceneDelegate.swift; sourceTree = "<group>"; };
		893FFE1C255B1769009A61ED /* Assets.xcassets */ = {isa = PBXFileReference; lastKnownFileType = folder.assetcatalog; path = Assets.xcassets; sourceTree = "<group>"; };
		893FFE1F255B1769009A61ED /* Base */ = {isa = PBXFileReference; lastKnownFileType = file.storyboard; name = Base; path = Base.lproj/LaunchScreen.storyboard; sourceTree = "<group>"; };
		893FFE21255B1769009A61ED /* Info.plist */ = {isa = PBXFileReference; lastKnownFileType = text.plist.xml; path = Info.plist; sourceTree = "<group>"; };
		893FFE29255B17C1009A61ED /* TabBarController.swift */ = {isa = PBXFileReference; lastKnownFileType = sourcecode.swift; path = TabBarController.swift; sourceTree = "<group>"; };
		893FFE2C255B17D9009A61ED /* ProfileViewController.swift */ = {isa = PBXFileReference; lastKnownFileType = sourcecode.swift; path = ProfileViewController.swift; sourceTree = "<group>"; };
		893FFE2F255B17ED009A61ED /* RoutesViewController.swift */ = {isa = PBXFileReference; lastKnownFileType = sourcecode.swift; path = RoutesViewController.swift; sourceTree = "<group>"; };
		894A93BA257BB60900CE893B /* ProfileOptionTableViewCell.swift */ = {isa = PBXFileReference; lastKnownFileType = sourcecode.swift; path = ProfileOptionTableViewCell.swift; sourceTree = "<group>"; };
		894A93BD257D12A100CE893B /* RouteTableViewCell.swift */ = {isa = PBXFileReference; lastKnownFileType = sourcecode.swift; path = RouteTableViewCell.swift; sourceTree = "<group>"; };
		894A93C0257D1E0F00CE893B /* CurrentDesignatedRouteView.swift */ = {isa = PBXFileReference; lastKnownFileType = sourcecode.swift; path = CurrentDesignatedRouteView.swift; sourceTree = "<group>"; };
		894A93C3257D369700CE893B /* CurrentRouteViewController.swift */ = {isa = PBXFileReference; lastKnownFileType = sourcecode.swift; path = CurrentRouteViewController.swift; sourceTree = "<group>"; };
		894A93C7257D398900CE893B /* MapKit.framework */ = {isa = PBXFileReference; lastKnownFileType = wrapper.framework; name = MapKit.framework; path = System/Library/Frameworks/MapKit.framework; sourceTree = SDKROOT; };
		894A93CA257EC01000CE893B /* HealthStateViewController.swift */ = {isa = PBXFileReference; lastKnownFileType = sourcecode.swift; path = HealthStateViewController.swift; sourceTree = "<group>"; };
		89536748257AB13B00BF2E2A /* Route.swift */ = {isa = PBXFileReference; lastKnownFileType = sourcecode.swift; path = Route.swift; sourceTree = "<group>"; };
		8953674B257AB32500BF2E2A /* Profile.swift */ = {isa = PBXFileReference; lastKnownFileType = sourcecode.swift; path = Profile.swift; sourceTree = "<group>"; };
		8953674E257AD60100BF2E2A /* APIError.swift */ = {isa = PBXFileReference; lastKnownFileType = sourcecode.swift; path = APIError.swift; sourceTree = "<group>"; };
		89536751257AD8D400BF2E2A /* SignInViewController.swift */ = {isa = PBXFileReference; lastKnownFileType = sourcecode.swift; path = SignInViewController.swift; sourceTree = "<group>"; };
		89536755257AD91600BF2E2A /* Extensions.swift */ = {isa = PBXFileReference; lastKnownFileType = sourcecode.swift; path = Extensions.swift; sourceTree = "<group>"; };
		89536758257AD97800BF2E2A /* Constants.swift */ = {isa = PBXFileReference; lastKnownFileType = sourcecode.swift; path = Constants.swift; sourceTree = "<group>"; };
		896F58B4257A6B1700785DA8 /* APIManager.swift */ = {isa = PBXFileReference; lastKnownFileType = sourcecode.swift; path = APIManager.swift; sourceTree = "<group>"; };
/* End PBXFileReference section */

/* Begin PBXFrameworksBuildPhase section */
		893FFE0D255B1766009A61ED /* Frameworks */ = {
			isa = PBXFrameworksBuildPhase;
			buildActionMask = 2147483647;
			files = (
				894A93C8257D398900CE893B /* MapKit.framework in Frameworks */,
			);
			runOnlyForDeploymentPostprocessing = 0;
		};
/* End PBXFrameworksBuildPhase section */

/* Begin PBXGroup section */
		893FFE07255B1766009A61ED = {
			isa = PBXGroup;
			children = (
				893FFE12255B1766009A61ED /* SafeLogistics */,
				893FFE11255B1766009A61ED /* Products */,
				894A93C6257D398800CE893B /* Frameworks */,
			);
			sourceTree = "<group>";
		};
		893FFE11255B1766009A61ED /* Products */ = {
			isa = PBXGroup;
			children = (
				893FFE10255B1766009A61ED /* SafeLogistics.app */,
			);
			name = Products;
			sourceTree = "<group>";
		};
		893FFE12255B1766009A61ED /* SafeLogistics */ = {
			isa = PBXGroup;
			children = (
				89536754257AD90600BF2E2A /* UIComponents */,
				896F58B9257A6B8500785DA8 /* Routes */,
				896F58B8257A6B7000785DA8 /* Profile */,
				896F58B3257A6B0B00785DA8 /* API */,
				896F58B2257A6AFA00785DA8 /* App */,
				893FFE1C255B1769009A61ED /* Assets.xcassets */,
				893FFE1E255B1769009A61ED /* LaunchScreen.storyboard */,
				893FFE21255B1769009A61ED /* Info.plist */,
			);
			path = SafeLogistics;
			sourceTree = "<group>";
		};
		894A93C6257D398800CE893B /* Frameworks */ = {
			isa = PBXGroup;
			children = (
				894A93C7257D398900CE893B /* MapKit.framework */,
			);
			name = Frameworks;
			sourceTree = "<group>";
		};
		89536754257AD90600BF2E2A /* UIComponents */ = {
			isa = PBXGroup;
			children = (
				89536755257AD91600BF2E2A /* Extensions.swift */,
				89536758257AD97800BF2E2A /* Constants.swift */,
			);
			path = UIComponents;
			sourceTree = "<group>";
		};
		896F58B2257A6AFA00785DA8 /* App */ = {
			isa = PBXGroup;
			children = (
				893FFE13255B1766009A61ED /* AppDelegate.swift */,
				893FFE15255B1766009A61ED /* SceneDelegate.swift */,
				893FFE29255B17C1009A61ED /* TabBarController.swift */,
			);
			path = App;
			sourceTree = "<group>";
		};
		896F58B3257A6B0B00785DA8 /* API */ = {
			isa = PBXGroup;
			children = (
				896F58B4257A6B1700785DA8 /* APIManager.swift */,
				8953674E257AD60100BF2E2A /* APIError.swift */,
			);
			path = API;
			sourceTree = "<group>";
		};
		896F58B8257A6B7000785DA8 /* Profile */ = {
			isa = PBXGroup;
			children = (
				893FFE2C255B17D9009A61ED /* ProfileViewController.swift */,
				8953674B257AB32500BF2E2A /* Profile.swift */,
				89536751257AD8D400BF2E2A /* SignInViewController.swift */,
				894A93BA257BB60900CE893B /* ProfileOptionTableViewCell.swift */,
				894A93CA257EC01000CE893B /* HealthStateViewController.swift */,
			);
			path = Profile;
			sourceTree = "<group>";
		};
		896F58B9257A6B8500785DA8 /* Routes */ = {
			isa = PBXGroup;
			children = (
				893FFE2F255B17ED009A61ED /* RoutesViewController.swift */,
				89536748257AB13B00BF2E2A /* Route.swift */,
				894A93BD257D12A100CE893B /* RouteTableViewCell.swift */,
				894A93C0257D1E0F00CE893B /* CurrentDesignatedRouteView.swift */,
				894A93C3257D369700CE893B /* CurrentRouteViewController.swift */,
			);
			path = Routes;
			sourceTree = "<group>";
		};
/* End PBXGroup section */

/* Begin PBXNativeTarget section */
		893FFE0F255B1766009A61ED /* SafeLogistics */ = {
			isa = PBXNativeTarget;
			buildConfigurationList = 893FFE24255B1769009A61ED /* Build configuration list for PBXNativeTarget "SafeLogistics" */;
			buildPhases = (
				893FFE0C255B1766009A61ED /* Sources */,
				893FFE0D255B1766009A61ED /* Frameworks */,
				893FFE0E255B1766009A61ED /* Resources */,
			);
			buildRules = (
			);
			dependencies = (
			);
			name = SafeLogistics;
			productName = SafeLogistics;
			productReference = 893FFE10255B1766009A61ED /* SafeLogistics.app */;
			productType = "com.apple.product-type.application";
		};
/* End PBXNativeTarget section */

/* Begin PBXProject section */
		893FFE08255B1766009A61ED /* Project object */ = {
			isa = PBXProject;
			attributes = {
				LastSwiftUpdateCheck = 1200;
				LastUpgradeCheck = 1200;
				TargetAttributes = {
					893FFE0F255B1766009A61ED = {
						CreatedOnToolsVersion = 12.0.1;
					};
				};
			};
			buildConfigurationList = 893FFE0B255B1766009A61ED /* Build configuration list for PBXProject "SafeLogistics" */;
			compatibilityVersion = "Xcode 9.3";
			developmentRegion = en;
			hasScannedForEncodings = 0;
			knownRegions = (
				en,
				Base,
			);
			mainGroup = 893FFE07255B1766009A61ED;
			productRefGroup = 893FFE11255B1766009A61ED /* Products */;
			projectDirPath = "";
			projectRoot = "";
			targets = (
				893FFE0F255B1766009A61ED /* SafeLogistics */,
			);
		};
/* End PBXProject section */

/* Begin PBXResourcesBuildPhase section */
		893FFE0E255B1766009A61ED /* Resources */ = {
			isa = PBXResourcesBuildPhase;
			buildActionMask = 2147483647;
			files = (
				893FFE20255B1769009A61ED /* LaunchScreen.storyboard in Resources */,
				893FFE1D255B1769009A61ED /* Assets.xcassets in Resources */,
			);
			runOnlyForDeploymentPostprocessing = 0;
		};
/* End PBXResourcesBuildPhase section */

/* Begin PBXSourcesBuildPhase section */
		893FFE0C255B1766009A61ED /* Sources */ = {
			isa = PBXSourcesBuildPhase;
			buildActionMask = 2147483647;
			files = (
				893FFE2A255B17C1009A61ED /* TabBarController.swift in Sources */,
				8953674C257AB32500BF2E2A /* Profile.swift in Sources */,
				893FFE14255B1766009A61ED /* AppDelegate.swift in Sources */,
				893FFE16255B1766009A61ED /* SceneDelegate.swift in Sources */,
				894A93C1257D1E0F00CE893B /* CurrentDesignatedRouteView.swift in Sources */,
				894A93BB257BB60900CE893B /* ProfileOptionTableViewCell.swift in Sources */,
				893FFE30255B17ED009A61ED /* RoutesViewController.swift in Sources */,
				893FFE2D255B17D9009A61ED /* ProfileViewController.swift in Sources */,
				894A93C4257D369700CE893B /* CurrentRouteViewController.swift in Sources */,
				89536749257AB13B00BF2E2A /* Route.swift in Sources */,
				896F58B5257A6B1700785DA8 /* APIManager.swift in Sources */,
				89536752257AD8D400BF2E2A /* SignInViewController.swift in Sources */,
				89536756257AD91600BF2E2A /* Extensions.swift in Sources */,
				894A93BE257D12A100CE893B /* RouteTableViewCell.swift in Sources */,
				8953674F257AD60100BF2E2A /* APIError.swift in Sources */,
				894A93CB257EC01000CE893B /* HealthStateViewController.swift in Sources */,
				89536759257AD97800BF2E2A /* Constants.swift in Sources */,
			);
			runOnlyForDeploymentPostprocessing = 0;
		};
/* End PBXSourcesBuildPhase section */

/* Begin PBXVariantGroup section */
		893FFE1E255B1769009A61ED /* LaunchScreen.storyboard */ = {
			isa = PBXVariantGroup;
			children = (
				893FFE1F255B1769009A61ED /* Base */,
			);
			name = LaunchScreen.storyboard;
			sourceTree = "<group>";
		};
/* End PBXVariantGroup section */

/* Begin XCBuildConfiguration section */
		893FFE22255B1769009A61ED /* Debug */ = {
			isa = XCBuildConfiguration;
			buildSettings = {
				ALWAYS_SEARCH_USER_PATHS = NO;
				CLANG_ANALYZER_NONNULL = YES;
				CLANG_ANALYZER_NUMBER_OBJECT_CONVERSION = YES_AGGRESSIVE;
				CLANG_CXX_LANGUAGE_STANDARD = "gnu++14";
				CLANG_CXX_LIBRARY = "libc++";
				CLANG_ENABLE_MODULES = YES;
				CLANG_ENABLE_OBJC_ARC = YES;
				CLANG_ENABLE_OBJC_WEAK = YES;
				CLANG_WARN_BLOCK_CAPTURE_AUTORELEASING = YES;
				CLANG_WARN_BOOL_CONVERSION = YES;
				CLANG_WARN_COMMA = YES;
				CLANG_WARN_CONSTANT_CONVERSION = YES;
				CLANG_WARN_DEPRECATED_OBJC_IMPLEMENTATIONS = YES;
				CLANG_WARN_DIRECT_OBJC_ISA_USAGE = YES_ERROR;
				CLANG_WARN_DOCUMENTATION_COMMENTS = YES;
				CLANG_WARN_EMPTY_BODY = YES;
				CLANG_WARN_ENUM_CONVERSION = YES;
				CLANG_WARN_INFINITE_RECURSION = YES;
				CLANG_WARN_INT_CONVERSION = YES;
				CLANG_WARN_NON_LITERAL_NULL_CONVERSION = YES;
				CLANG_WARN_OBJC_IMPLICIT_RETAIN_SELF = YES;
				CLANG_WARN_OBJC_LITERAL_CONVERSION = YES;
				CLANG_WARN_OBJC_ROOT_CLASS = YES_ERROR;
				CLANG_WARN_QUOTED_INCLUDE_IN_FRAMEWORK_HEADER = YES;
				CLANG_WARN_RANGE_LOOP_ANALYSIS = YES;
				CLANG_WARN_STRICT_PROTOTYPES = YES;
				CLANG_WARN_SUSPICIOUS_MOVE = YES;
				CLANG_WARN_UNGUARDED_AVAILABILITY = YES_AGGRESSIVE;
				CLANG_WARN_UNREACHABLE_CODE = YES;
				CLANG_WARN__DUPLICATE_METHOD_MATCH = YES;
				COPY_PHASE_STRIP = NO;
				DEBUG_INFORMATION_FORMAT = dwarf;
				ENABLE_STRICT_OBJC_MSGSEND = YES;
				ENABLE_TESTABILITY = YES;
				GCC_C_LANGUAGE_STANDARD = gnu11;
				GCC_DYNAMIC_NO_PIC = NO;
				GCC_NO_COMMON_BLOCKS = YES;
				GCC_OPTIMIZATION_LEVEL = 0;
				GCC_PREPROCESSOR_DEFINITIONS = (
					"DEBUG=1",
					"$(inherited)",
				);
				GCC_WARN_64_TO_32_BIT_CONVERSION = YES;
				GCC_WARN_ABOUT_RETURN_TYPE = YES_ERROR;
				GCC_WARN_UNDECLARED_SELECTOR = YES;
				GCC_WARN_UNINITIALIZED_AUTOS = YES_AGGRESSIVE;
				GCC_WARN_UNUSED_FUNCTION = YES;
				GCC_WARN_UNUSED_VARIABLE = YES;
				IPHONEOS_DEPLOYMENT_TARGET = 14.0;
				MTL_ENABLE_DEBUG_INFO = INCLUDE_SOURCE;
				MTL_FAST_MATH = YES;
				ONLY_ACTIVE_ARCH = YES;
				SDKROOT = iphoneos;
				SWIFT_ACTIVE_COMPILATION_CONDITIONS = DEBUG;
				SWIFT_OPTIMIZATION_LEVEL = "-Onone";
			};
			name = Debug;
		};
		893FFE23255B1769009A61ED /* Release */ = {
			isa = XCBuildConfiguration;
			buildSettings = {
				ALWAYS_SEARCH_USER_PATHS = NO;
				CLANG_ANALYZER_NONNULL = YES;
				CLANG_ANALYZER_NUMBER_OBJECT_CONVERSION = YES_AGGRESSIVE;
				CLANG_CXX_LANGUAGE_STANDARD = "gnu++14";
				CLANG_CXX_LIBRARY = "libc++";
				CLANG_ENABLE_MODULES = YES;
				CLANG_ENABLE_OBJC_ARC = YES;
				CLANG_ENABLE_OBJC_WEAK = YES;
				CLANG_WARN_BLOCK_CAPTURE_AUTORELEASING = YES;
				CLANG_WARN_BOOL_CONVERSION = YES;
				CLANG_WARN_COMMA = YES;
				CLANG_WARN_CONSTANT_CONVERSION = YES;
				CLANG_WARN_DEPRECATED_OBJC_IMPLEMENTATIONS = YES;
				CLANG_WARN_DIRECT_OBJC_ISA_USAGE = YES_ERROR;
				CLANG_WARN_DOCUMENTATION_COMMENTS = YES;
				CLANG_WARN_EMPTY_BODY = YES;
				CLANG_WARN_ENUM_CONVERSION = YES;
				CLANG_WARN_INFINITE_RECURSION = YES;
				CLANG_WARN_INT_CONVERSION = YES;
				CLANG_WARN_NON_LITERAL_NULL_CONVERSION = YES;
				CLANG_WARN_OBJC_IMPLICIT_RETAIN_SELF = YES;
				CLANG_WARN_OBJC_LITERAL_CONVERSION = YES;
				CLANG_WARN_OBJC_ROOT_CLASS = YES_ERROR;
				CLANG_WARN_QUOTED_INCLUDE_IN_FRAMEWORK_HEADER = YES;
				CLANG_WARN_RANGE_LOOP_ANALYSIS = YES;
				CLANG_WARN_STRICT_PROTOTYPES = YES;
				CLANG_WARN_SUSPICIOUS_MOVE = YES;
				CLANG_WARN_UNGUARDED_AVAILABILITY = YES_AGGRESSIVE;
				CLANG_WARN_UNREACHABLE_CODE = YES;
				CLANG_WARN__DUPLICATE_METHOD_MATCH = YES;
				COPY_PHASE_STRIP = NO;
				DEBUG_INFORMATION_FORMAT = "dwarf-with-dsym";
				ENABLE_NS_ASSERTIONS = NO;
				ENABLE_STRICT_OBJC_MSGSEND = YES;
				GCC_C_LANGUAGE_STANDARD = gnu11;
				GCC_NO_COMMON_BLOCKS = YES;
				GCC_WARN_64_TO_32_BIT_CONVERSION = YES;
				GCC_WARN_ABOUT_RETURN_TYPE = YES_ERROR;
				GCC_WARN_UNDECLARED_SELECTOR = YES;
				GCC_WARN_UNINITIALIZED_AUTOS = YES_AGGRESSIVE;
				GCC_WARN_UNUSED_FUNCTION = YES;
				GCC_WARN_UNUSED_VARIABLE = YES;
				IPHONEOS_DEPLOYMENT_TARGET = 14.0;
				MTL_ENABLE_DEBUG_INFO = NO;
				MTL_FAST_MATH = YES;
				SDKROOT = iphoneos;
				SWIFT_COMPILATION_MODE = wholemodule;
				SWIFT_OPTIMIZATION_LEVEL = "-O";
				VALIDATE_PRODUCT = YES;
			};
			name = Release;
		};
		893FFE25255B1769009A61ED /* Debug */ = {
			isa = XCBuildConfiguration;
			buildSettings = {
				ASSETCATALOG_COMPILER_APPICON_NAME = AppIcon;
				ASSETCATALOG_COMPILER_GLOBAL_ACCENT_COLOR_NAME = AccentColor;
				CODE_SIGN_STYLE = Automatic;
				DEVELOPMENT_TEAM = UFGZF6CY79;
				INFOPLIST_FILE = SafeLogistics/Info.plist;
				LD_RUNPATH_SEARCH_PATHS = (
					"$(inherited)",
					"@executable_path/Frameworks",
				);
				PRODUCT_BUNDLE_IDENTIFIER = irynahorbachova.SafeLogistics;
				PRODUCT_NAME = "$(TARGET_NAME)";
				SWIFT_VERSION = 5.0;
				TARGETED_DEVICE_FAMILY = "1,2";
			};
			name = Debug;
		};
		893FFE26255B1769009A61ED /* Release */ = {
			isa = XCBuildConfiguration;
			buildSettings = {
				ASSETCATALOG_COMPILER_APPICON_NAME = AppIcon;
				ASSETCATALOG_COMPILER_GLOBAL_ACCENT_COLOR_NAME = AccentColor;
				CODE_SIGN_STYLE = Automatic;
				DEVELOPMENT_TEAM = UFGZF6CY79;
				INFOPLIST_FILE = SafeLogistics/Info.plist;
				LD_RUNPATH_SEARCH_PATHS = (
					"$(inherited)",
					"@executable_path/Frameworks",
				);
				PRODUCT_BUNDLE_IDENTIFIER = irynahorbachova.SafeLogistics;
				PRODUCT_NAME = "$(TARGET_NAME)";
				SWIFT_VERSION = 5.0;
				TARGETED_DEVICE_FAMILY = "1,2";
			};
			name = Release;
		};
/* End XCBuildConfiguration section */

/* Begin XCConfigurationList section */
		893FFE0B255B1766009A61ED /* Build configuration list for PBXProject "SafeLogistics" */ = {
			isa = XCConfigurationList;
			buildConfigurations = (
				893FFE22255B1769009A61ED /* Debug */,
				893FFE23255B1769009A61ED /* Release */,
			);
			defaultConfigurationIsVisible = 0;
			defaultConfigurationName = Release;
		};
		893FFE24255B1769009A61ED /* Build configuration list for PBXNativeTarget "SafeLogistics" */ = {
			isa = XCConfigurationList;
			buildConfigurations = (
				893FFE25255B1769009A61ED /* Debug */,
				893FFE26255B1769009A61ED /* Release */,
			);
			defaultConfigurationIsVisible = 0;
			defaultConfigurationName = Release;
		};
/* End XCConfigurationList section */
	};
	rootObject = 893FFE08255B1766009A61ED /* Project object */;
}
